// !$*UTF8*$!
{
	archiveVersion = 1;
	classes = {
	};
	objectVersion = 50;
	objects = {

/* Begin PBXBuildFile section */
		DA26C9DB26A7698800DC0EBA /* AppDelegate.swift in Sources */ = {isa = PBXBuildFile; fileRef = DA26C9DA26A7698800DC0EBA /* AppDelegate.swift */; };
		DA26C9DD26A7698800DC0EBA /* SceneDelegate.swift in Sources */ = {isa = PBXBuildFile; fileRef = DA26C9DC26A7698800DC0EBA /* SceneDelegate.swift */; };
		DA26C9DF26A7698800DC0EBA /* ContentView.swift in Sources */ = {isa = PBXBuildFile; fileRef = DA26C9DE26A7698800DC0EBA /* ContentView.swift */; };
		DA26C9E126A7698C00DC0EBA /* Assets.xcassets in Resources */ = {isa = PBXBuildFile; fileRef = DA26C9E026A7698C00DC0EBA /* Assets.xcassets */; };
		DA26C9E426A7698C00DC0EBA /* Preview Assets.xcassets in Resources */ = {isa = PBXBuildFile; fileRef = DA26C9E326A7698C00DC0EBA /* Preview Assets.xcassets */; };
		DA26C9E726A7698C00DC0EBA /* LaunchScreen.storyboard in Resources */ = {isa = PBXBuildFile; fileRef = DA26C9E526A7698C00DC0EBA /* LaunchScreen.storyboard */; };
		DA26C9F226A7734000DC0EBA /* icon512.png in Resources */ = {isa = PBXBuildFile; fileRef = DA26C9F126A7734000DC0EBA /* icon512.png */; };
		DA26C9F526A77D4C00DC0EBA /* InfoView.swift in Sources */ = {isa = PBXBuildFile; fileRef = DA26C9F426A77D4C00DC0EBA /* InfoView.swift */; };
/* End PBXBuildFile section */

/* Begin PBXFileReference section */
		DA26C9D726A7698800DC0EBA /* SwiftUI-1.app */ = {isa = PBXFileReference; explicitFileType = wrapper.application; includeInIndex = 0; path = "SwiftUI-1.app"; sourceTree = BUILT_PRODUCTS_DIR; };
		DA26C9DA26A7698800DC0EBA /* AppDelegate.swift */ = {isa = PBXFileReference; lastKnownFileType = sourcecode.swift; path = AppDelegate.swift; sourceTree = "<group>"; };
		DA26C9DC26A7698800DC0EBA /* SceneDelegate.swift */ = {isa = PBXFileReference; lastKnownFileType = sourcecode.swift; path = SceneDelegate.swift; sourceTree = "<group>"; };
		DA26C9DE26A7698800DC0EBA /* ContentView.swift */ = {isa = PBXFileReference; lastKnownFileType = sourcecode.swift; path = ContentView.swift; sourceTree = "<group>"; };
		DA26C9E026A7698C00DC0EBA /* Assets.xcassets */ = {isa = PBXFileReference; lastKnownFileType = folder.assetcatalog; path = Assets.xcassets; sourceTree = "<group>"; };
		DA26C9E326A7698C00DC0EBA /* Preview Assets.xcassets */ = {isa = PBXFileReference; lastKnownFileType = folder.assetcatalog; path = "Preview Assets.xcassets"; sourceTree = "<group>"; };
		DA26C9E626A7698C00DC0EBA /* Base */ = {isa = PBXFileReference; lastKnownFileType = file.storyboard; name = Base; path = Base.lproj/LaunchScreen.storyboard; sourceTree = "<group>"; };
		DA26C9E826A7698C00DC0EBA /* Info.plist */ = {isa = PBXFileReference; lastKnownFileType = text.plist.xml; path = Info.plist; sourceTree = "<group>"; };
		DA26C9F126A7734000DC0EBA /* icon512.png */ = {isa = PBXFileReference; lastKnownFileType = image.png; path = icon512.png; sourceTree = "<group>"; };
		DA26C9F426A77D4C00DC0EBA /* InfoView.swift */ = {isa = PBXFileReference; lastKnownFileType = sourcecode.swift; path = InfoView.swift; sourceTree = "<group>"; };
/* End PBXFileReference section */

/* Begin PBXFrameworksBuildPhase section */
		DA26C9D426A7698800DC0EBA /* Frameworks */ = {
			isa = PBXFrameworksBuildPhase;
			buildActionMask = 2147483647;
			files = (
			);
			runOnlyForDeploymentPostprocessing = 0;
		};
/* End PBXFrameworksBuildPhase section */

/* Begin PBXGroup section */
		DA26C9CE26A7698800DC0EBA = {
			isa = PBXGroup;
			children = (
				DA26C9D926A7698800DC0EBA /* SwiftUI-1 */,
				DA26C9D826A7698800DC0EBA /* Products */,
			);
			sourceTree = "<group>";
		};
		DA26C9D826A7698800DC0EBA /* Products */ = {
			isa = PBXGroup;
			children = (
				DA26C9D726A7698800DC0EBA /* SwiftUI-1.app */,
			);
			name = Products;
			sourceTree = "<group>";
		};
		DA26C9D926A7698800DC0EBA /* SwiftUI-1 */ = {
			isa = PBXGroup;
			children = (
				DA26C9F026A772F900DC0EBA /* Resources */,
				DA26C9DA26A7698800DC0EBA /* AppDelegate.swift */,
				DA26C9DC26A7698800DC0EBA /* SceneDelegate.swift */,
				DA26C9DE26A7698800DC0EBA /* ContentView.swift */,
				DA26C9E026A7698C00DC0EBA /* Assets.xcassets */,
				DA26C9E526A7698C00DC0EBA /* LaunchScreen.storyboard */,
				DA26C9E826A7698C00DC0EBA /* Info.plist */,
				DA26C9E226A7698C00DC0EBA /* Preview Content */,
				DA26C9F426A77D4C00DC0EBA /* InfoView.swift */,
			);
			path = "SwiftUI-1";
			sourceTree = "<group>";
		};
		DA26C9E226A7698C00DC0EBA /* Preview Content */ = {
			isa = PBXGroup;
			children = (
				DA26C9E326A7698C00DC0EBA /* Preview Assets.xcassets */,
			);
			path = "Preview Content";
			sourceTree = "<group>";
		};
		DA26C9F026A772F900DC0EBA /* Resources */ = {
			isa = PBXGroup;
			children = (
				DA26C9F126A7734000DC0EBA /* icon512.png */,
			);
			path = Resources;
			sourceTree = "<group>";
		};
/* End PBXGroup section */

/* Begin PBXNativeTarget section */
		DA26C9D626A7698800DC0EBA /* SwiftUI-1 */ = {
			isa = PBXNativeTarget;
			buildConfigurationList = DA26C9EB26A7698C00DC0EBA /* Build configuration list for PBXNativeTarget "SwiftUI-1" */;
			buildPhases = (
				DA26C9D326A7698800DC0EBA /* Sources */,
				DA26C9D426A7698800DC0EBA /* Frameworks */,
				DA26C9D526A7698800DC0EBA /* Resources */,
			);
			buildRules = (
			);
			dependencies = (
			);
			name = "SwiftUI-1";
			productName = "SwiftUI-1";
			productReference = DA26C9D726A7698800DC0EBA /* SwiftUI-1.app */;
			productType = "com.apple.product-type.application";
		};
/* End PBXNativeTarget section */

/* Begin PBXProject section */
		DA26C9CF26A7698800DC0EBA /* Project object */ = {
			isa = PBXProject;
			attributes = {
				LastSwiftUpdateCheck = 1240;
				LastUpgradeCheck = 1240;
				TargetAttributes = {
					DA26C9D626A7698800DC0EBA = {
						CreatedOnToolsVersion = 12.4;
					};
				};
			};
			buildConfigurationList = DA26C9D226A7698800DC0EBA /* Build configuration list for PBXProject "SwiftUI-1" */;
			compatibilityVersion = "Xcode 9.3";
			developmentRegion = en;
			hasScannedForEncodings = 0;
			knownRegions = (
				en,
				Base,
			);
			mainGroup = DA26C9CE26A7698800DC0EBA;
			productRefGroup = DA26C9D826A7698800DC0EBA /* Products */;
			projectDirPath = "";
			projectRoot = "";
			targets = (
				DA26C9D626A7698800DC0EBA /* SwiftUI-1 */,
			);
		};
/* End PBXProject section */

/* Begin PBXResourcesBuildPhase section */
		DA26C9D526A7698800DC0EBA /* Resources */ = {
			isa = PBXResourcesBuildPhase;
			buildActionMask = 2147483647;
			files = (
				DA26C9E726A7698C00DC0EBA /* LaunchScreen.storyboard in Resources */,
				DA26C9E426A7698C00DC0EBA /* Preview Assets.xcassets in Resources */,
				DA26C9E126A7698C00DC0EBA /* Assets.xcassets in Resources */,
				DA26C9F226A7734000DC0EBA /* icon512.png in Resources */,
			);
			runOnlyForDeploymentPostprocessing = 0;
		};
/* End PBXResourcesBuildPhase section */

/* Begin PBXSourcesBuildPhase section */
		DA26C9D326A7698800DC0EBA /* Sources */ = {
			isa = PBXSourcesBuildPhase;
			buildActionMask = 2147483647;
			files = (
				DA26C9F526A77D4C00DC0EBA /* InfoView.swift in Sources */,
				DA26C9DB26A7698800DC0EBA /* AppDelegate.swift in Sources */,
				DA26C9DD26A7698800DC0EBA /* SceneDelegate.swift in Sources */,
				DA26C9DF26A7698800DC0EBA /* ContentView.swift in Sources */,
			);
			runOnlyForDeploymentPostprocessing = 0;
		};
/* End PBXSourcesBuildPhase section */

/* Begin PBXVariantGroup section */
		DA26C9E526A7698C00DC0EBA /* LaunchScreen.storyboard */ = {
			isa = PBXVariantGroup;
			children = (
				DA26C9E626A7698C00DC0EBA /* Base */,
			);
			name = LaunchScreen.storyboard;
			sourceTree = "<group>";
		};
/* End PBXVariantGroup section */

/* Begin XCBuildConfiguration section */
		DA26C9E926A7698C00DC0EBA /* Debug */ = {
			isa = XCBuildConfiguration;
			buildSettings = {
				ALWAYS_SEARCH_USER_PATHS = NO;
				CLANG_ANALYZER_NONNULL = YES;
				CLANG_ANALYZER_NUMBER_OBJECT_CONVERSION = YES_AGGRESSIVE;
				CLANG_CXX_LANGUAGE_STANDARD = "gnu++14";
				CLANG_CXX_LIBRARY = "libc++";
				CLANG_ENABLE_MODULES = YES;
				CLANG_ENABLE_OBJC_ARC = YES;
				CLANG_ENABLE_OBJC_WEAK = YES;
				CLANG_WARN_BLOCK_CAPTURE_AUTORELEASING = YES;
				CLANG_WARN_BOOL_CONVERSION = YES;
				CLANG_WARN_COMMA = YES;
				CLANG_WARN_CONSTANT_CONVERSION = YES;
				CLANG_WARN_DEPRECATED_OBJC_IMPLEMENTATIONS = YES;
				CLANG_WARN_DIRECT_OBJC_ISA_USAGE = YES_ERROR;
				CLANG_WARN_DOCUMENTATION_COMMENTS = YES;
				CLANG_WARN_EMPTY_BODY = YES;
				CLANG_WARN_ENUM_CONVERSION = YES;
				CLANG_WARN_INFINITE_RECURSION = YES;
				CLANG_WARN_INT_CONVERSION = YES;
				CLANG_WARN_NON_LITERAL_NULL_CONVERSION = YES;
				CLANG_WARN_OBJC_IMPLICIT_RETAIN_SELF = YES;
				CLANG_WARN_OBJC_LITERAL_CONVERSION = YES;
				CLANG_WARN_OBJC_ROOT_CLASS = YES_ERROR;
				CLANG_WARN_QUOTED_INCLUDE_IN_FRAMEWORK_HEADER = YES;
				CLANG_WARN_RANGE_LOOP_ANALYSIS = YES;
				CLANG_WARN_STRICT_PROTOTYPES = YES;
				CLANG_WARN_SUSPICIOUS_MOVE = YES;
				CLANG_WARN_UNGUARDED_AVAILABILITY = YES_AGGRESSIVE;
				CLANG_WARN_UNREACHABLE_CODE = YES;
				CLANG_WARN__DUPLICATE_METHOD_MATCH = YES;
				COPY_PHASE_STRIP = NO;
				DEBUG_INFORMATION_FORMAT = dwarf;
				ENABLE_STRICT_OBJC_MSGSEND = YES;
				ENABLE_TESTABILITY = YES;
				GCC_C_LANGUAGE_STANDARD = gnu11;
				GCC_DYNAMIC_NO_PIC = NO;
				GCC_NO_COMMON_BLOCKS = YES;
				GCC_OPTIMIZATION_LEVEL = 0;
				GCC_PREPROCESSOR_DEFINITIONS = (
					"DEBUG=1",
					"$(inherited)",
				);
				GCC_WARN_64_TO_32_BIT_CONVERSION = YES;
				GCC_WARN_ABOUT_RETURN_TYPE = YES_ERROR;
				GCC_WARN_UNDECLARED_SELECTOR = YES;
				GCC_WARN_UNINITIALIZED_AUTOS = YES_AGGRESSIVE;
				GCC_WARN_UNUSED_FUNCTION = YES;
				GCC_WARN_UNUSED_VARIABLE = YES;
				IPHONEOS_DEPLOYMENT_TARGET = 14.4;
				MTL_ENABLE_DEBUG_INFO = INCLUDE_SOURCE;
				MTL_FAST_MATH = YES;
				ONLY_ACTIVE_ARCH = YES;
				SDKROOT = iphoneos;
				SWIFT_ACTIVE_COMPILATION_CONDITIONS = DEBUG;
				SWIFT_OPTIMIZATION_LEVEL = "-Onone";
			};
			name = Debug;
		};
		DA26C9EA26A7698C00DC0EBA /* Release */ = {
			isa = XCBuildConfiguration;
			buildSettings = {
				ALWAYS_SEARCH_USER_PATHS = NO;
				CLANG_ANALYZER_NONNULL = YES;
				CLANG_ANALYZER_NUMBER_OBJECT_CONVERSION = YES_AGGRESSIVE;
				CLANG_CXX_LANGUAGE_STANDARD = "gnu++14";
				CLANG_CXX_LIBRARY = "libc++";
				CLANG_ENABLE_MODULES = YES;
				CLANG_ENABLE_OBJC_ARC = YES;
				CLANG_ENABLE_OBJC_WEAK = YES;
				CLANG_WARN_BLOCK_CAPTURE_AUTORELEASING = YES;
				CLANG_WARN_BOOL_CONVERSION = YES;
				CLANG_WARN_COMMA = YES;
				CLANG_WARN_CONSTANT_CONVERSION = YES;
				CLANG_WARN_DEPRECATED_OBJC_IMPLEMENTATIONS = YES;
				CLANG_WARN_DIRECT_OBJC_ISA_USAGE = YES_ERROR;
				CLANG_WARN_DOCUMENTATION_COMMENTS = YES;
				CLANG_WARN_EMPTY_BODY = YES;
				CLANG_WARN_ENUM_CONVERSION = YES;
				CLANG_WARN_INFINITE_RECURSION = YES;
				CLANG_WARN_INT_CONVERSION = YES;
				CLANG_WARN_NON_LITERAL_NULL_CONVERSION = YES;
				CLANG_WARN_OBJC_IMPLICIT_RETAIN_SELF = YES;
				CLANG_WARN_OBJC_LITERAL_CONVERSION = YES;
				CLANG_WARN_OBJC_ROOT_CLASS = YES_ERROR;
				CLANG_WARN_QUOTED_INCLUDE_IN_FRAMEWORK_HEADER = YES;
				CLANG_WARN_RANGE_LOOP_ANALYSIS = YES;
				CLANG_WARN_STRICT_PROTOTYPES = YES;
				CLANG_WARN_SUSPICIOUS_MOVE = YES;
				CLANG_WARN_UNGUARDED_AVAILABILITY = YES_AGGRESSIVE;
				CLANG_WARN_UNREACHABLE_CODE = YES;
				CLANG_WARN__DUPLICATE_METHOD_MATCH = YES;
				COPY_PHASE_STRIP = NO;
				DEBUG_INFORMATION_FORMAT = "dwarf-with-dsym";
				ENABLE_NS_ASSERTIONS = NO;
				ENABLE_STRICT_OBJC_MSGSEND = YES;
				GCC_C_LANGUAGE_STANDARD = gnu11;
				GCC_NO_COMMON_BLOCKS = YES;
				GCC_WARN_64_TO_32_BIT_CONVERSION = YES;
				GCC_WARN_ABOUT_RETURN_TYPE = YES_ERROR;
				GCC_WARN_UNDECLARED_SELECTOR = YES;
				GCC_WARN_UNINITIALIZED_AUTOS = YES_AGGRESSIVE;
				GCC_WARN_UNUSED_FUNCTION = YES;
				GCC_WARN_UNUSED_VARIABLE = YES;
				IPHONEOS_DEPLOYMENT_TARGET = 14.4;
				MTL_ENABLE_DEBUG_INFO = NO;
				MTL_FAST_MATH = YES;
				SDKROOT = iphoneos;
				SWIFT_COMPILATION_MODE = wholemodule;
				SWIFT_OPTIMIZATION_LEVEL = "-O";
				VALIDATE_PRODUCT = YES;
			};
			name = Release;
		};
		DA26C9EC26A7698C00DC0EBA /* Debug */ = {
			isa = XCBuildConfiguration;
			buildSettings = {
				ASSETCATALOG_COMPILER_APPICON_NAME = AppIcon;
				ASSETCATALOG_COMPILER_GLOBAL_ACCENT_COLOR_NAME = AccentColor;
				CODE_SIGN_STYLE = Automatic;
				DEVELOPMENT_ASSET_PATHS = "\"SwiftUI-1/Preview Content\"";
				ENABLE_PREVIEWS = YES;
				INFOPLIST_FILE = "SwiftUI-1/Info.plist";
				LD_RUNPATH_SEARCH_PATHS = (
					"$(inherited)",
					"@executable_path/Frameworks",
				);
				PRODUCT_BUNDLE_IDENTIFIER = "com.ac.SVT.SwiftUI-1";
				PRODUCT_NAME = "$(TARGET_NAME)";
				SWIFT_VERSION = 5.0;
				TARGETED_DEVICE_FAMILY = "1,2";
			};
			name = Debug;
		};
		DA26C9ED26A7698C00DC0EBA /* Release */ = {
			isa = XCBuildConfiguration;
			buildSettings = {
				ASSETCATALOG_COMPILER_APPICON_NAME = AppIcon;
				ASSETCATALOG_COMPILER_GLOBAL_ACCENT_COLOR_NAME = AccentColor;
				CODE_SIGN_STYLE = Automatic;
				DEVELOPMENT_ASSET_PATHS = "\"SwiftUI-1/Preview Content\"";
				ENABLE_PREVIEWS = YES;
				INFOPLIST_FILE = "SwiftUI-1/Info.plist";
				LD_RUNPATH_SEARCH_PATHS = (
					"$(inherited)",
					"@executable_path/Frameworks",
				);
				PRODUCT_BUNDLE_IDENTIFIER = "com.ac.SVT.SwiftUI-1";
				PRODUCT_NAME = "$(TARGET_NAME)";
				SWIFT_VERSION = 5.0;
				TARGETED_DEVICE_FAMILY = "1,2";
			};
			name = Release;
		};
/* End XCBuildConfiguration section */

/* Begin XCConfigurationList section */
		DA26C9D226A7698800DC0EBA /* Build configuration list for PBXProject "SwiftUI-1" */ = {
			isa = XCConfigurationList;
			buildConfigurations = (
				DA26C9E926A7698C00DC0EBA /* Debug */,
				DA26C9EA26A7698C00DC0EBA /* Release */,
			);
			defaultConfigurationIsVisible = 0;
			defaultConfigurationName = Release;
		};
		DA26C9EB26A7698C00DC0EBA /* Build configuration list for PBXNativeTarget "SwiftUI-1" */ = {
			isa = XCConfigurationList;
			buildConfigurations = (
				DA26C9EC26A7698C00DC0EBA /* Debug */,
				DA26C9ED26A7698C00DC0EBA /* Release */,
			);
			defaultConfigurationIsVisible = 0;
			defaultConfigurationName = Release;
		};
/* End XCConfigurationList section */
	};
	rootObject = DA26C9CF26A7698800DC0EBA /* Project object */;
}
